
Microsoft Visual Studio Solution File, Format Version 12.00
# Visual Studio Version 17
VisualStudioVersion = 17.7.34031.279
MinimumVisualStudioVersion = 10.0.40219.1
Project("{FAE04EC0-301F-11D3-BF4B-00C04F79EFBC}") = "Pract3 2.0", "Pract3 2.0\Pract3 2.0.csproj", "{E4927556-BE07-4393-9D2B-4C518ACF1684}"
EndProject
Project("{FAE04EC0-301F-11D3-BF4B-00C04F79EFBC}") = "Options", "Options\Options.csproj", "{60911F74-9374-4434-AD55-EAB06DDBB190}"
EndProject
Project("{FAE04EC0-301F-11D3-BF4B-00C04F79EFBC}") = "Func", "Func\Func.csproj", "{978FA5AC-C9DA-4674-A0F7-8589AEDA76F9}"
EndProject
Global
	GlobalSection(SolutionConfigurationPlatforms) = preSolution
		Debug|Any CPU = Debug|Any CPU
		Release|Any CPU = Release|Any CPU
	EndGlobalSection
	GlobalSection(ProjectConfigurationPlatforms) = postSolution
		{E4927556-BE07-4393-9D2B-4C518ACF1684}.Debug|Any CPU.ActiveCfg = Debug|Any CPU
		{E4927556-BE07-4393-9D2B-4C518ACF1684}.Debug|Any CPU.Build.0 = Debug|Any CPU
		{E4927556-BE07-4393-9D2B-4C518ACF1684}.Release|Any CPU.ActiveCfg = Release|Any CPU
		{E4927556-BE07-4393-9D2B-4C518ACF1684}.Release|Any CPU.Build.0 = Release|Any CPU
		{60911F74-9374-4434-AD55-EAB06DDBB190}.Debug|Any CPU.ActiveCfg = Debug|Any CPU
		{60911F74-9374-4434-AD55-EAB06DDBB190}.Debug|Any CPU.Build.0 = Debug|Any CPU
		{60911F74-9374-4434-AD55-EAB06DDBB190}.Release|Any CPU.ActiveCfg = Release|Any CPU
		{60911F74-9374-4434-AD55-EAB06DDBB190}.Release|Any CPU.Build.0 = Release|Any CPU
		{978FA5AC-C9DA-4674-A0F7-8589AEDA76F9}.Debug|Any CPU.ActiveCfg = Debug|Any CPU
		{978FA5AC-C9DA-4674-A0F7-8589AEDA76F9}.Debug|Any CPU.Build.0 = Debug|Any CPU
		{978FA5AC-C9DA-4674-A0F7-8589AEDA76F9}.Release|Any CPU.ActiveCfg = Release|Any CPU
		{978FA5AC-C9DA-4674-A0F7-8589AEDA76F9}.Release|Any CPU.Build.0 = Release|Any CPU
	EndGlobalSection
	GlobalSection(SolutionProperties) = preSolution
		HideSolutionNode = FALSE
	EndGlobalSection
	GlobalSection(ExtensibilityGlobals) = postSolution
		SolutionGuid = {1AE29233-5EBA-420D-B304-0012BFB47D02}
	EndGlobalSection
EndGlobal
